
Microsoft Visual Studio Solution File, Format Version 12.00
# Visual Studio Version 16
VisualStudioVersion = 16.0.29519.87
MinimumVisualStudioVersion = 10.0.40219.1
Project("{FAE04EC0-301F-11D3-BF4B-00C04F79EFBC}") = "FacebookData", "SOFT562Week18\FacebookData.csproj", "{A88B01B5-752A-4A84-8E8D-508E457D837B}"
EndProject
Global
	GlobalSection(SolutionConfigurationPlatforms) = preSolution
		Debug|Any CPU = Debug|Any CPU
		Release|Any CPU = Release|Any CPU
	EndGlobalSection
	GlobalSection(ProjectConfigurationPlatforms) = postSolution
		{A88B01B5-752A-4A84-8E8D-508E457D837B}.Debug|Any CPU.ActiveCfg = Debug|Any CPU
		{A88B01B5-752A-4A84-8E8D-508E457D837B}.Debug|Any CPU.Build.0 = Debug|Any CPU
		{A88B01B5-752A-4A84-8E8D-508E457D837B}.Release|Any CPU.ActiveCfg = Release|Any CPU
		{A88B01B5-752A-4A84-8E8D-508E457D837B}.Release|Any CPU.Build.0 = Release|Any CPU
	EndGlobalSection
	GlobalSection(SolutionProperties) = preSolution
		HideSolutionNode = FALSE
	EndGlobalSection
	GlobalSection(ExtensibilityGlobals) = postSolution
		SolutionGuid = {D3E37737-B94C-43EA-9E7F-16C3E0343608}
	EndGlobalSection
EndGlobal
